
Microsoft Visual Studio Solution File, Format Version 12.00
# Visual Studio 15
VisualStudioVersion = 15.0.28307.329
MinimumVisualStudioVersion = 10.0.40219.1
Project("{FAE04EC0-301F-11D3-BF4B-00C04F79EFBC}") = "Server", "Server\Server.csproj", "{0BD48383-368D-48B5-9063-A087946794CE}"
EndProject
Project("{FAE04EC0-301F-11D3-BF4B-00C04F79EFBC}") = "Client", "Client\Client.csproj", "{62DB6075-AF60-4130-AF4C-5BAD9D6EE471}"
EndProject
Project("{FAE04EC0-301F-11D3-BF4B-00C04F79EFBC}") = "Utils", "Utils\Utils.csproj", "{A9F16ADF-32DF-4B8A-93D3-DE8FB1B0D963}"
EndProject
Global
	GlobalSection(SolutionConfigurationPlatforms) = preSolution
		Debug|Any CPU = Debug|Any CPU
		Release|Any CPU = Release|Any CPU
	EndGlobalSection
	GlobalSection(ProjectConfigurationPlatforms) = postSolution
		{0BD48383-368D-48B5-9063-A087946794CE}.Debug|Any CPU.ActiveCfg = Debug|Any CPU
		{0BD48383-368D-48B5-9063-A087946794CE}.Debug|Any CPU.Build.0 = Debug|Any CPU
		{0BD48383-368D-48B5-9063-A087946794CE}.Release|Any CPU.ActiveCfg = Release|Any CPU
		{0BD48383-368D-48B5-9063-A087946794CE}.Release|Any CPU.Build.0 = Release|Any CPU
		{62DB6075-AF60-4130-AF4C-5BAD9D6EE471}.Debug|Any CPU.ActiveCfg = Debug|Any CPU
		{62DB6075-AF60-4130-AF4C-5BAD9D6EE471}.Debug|Any CPU.Build.0 = Debug|Any CPU
		{62DB6075-AF60-4130-AF4C-5BAD9D6EE471}.Release|Any CPU.ActiveCfg = Release|Any CPU
		{62DB6075-AF60-4130-AF4C-5BAD9D6EE471}.Release|Any CPU.Build.0 = Release|Any CPU
		{A9F16ADF-32DF-4B8A-93D3-DE8FB1B0D963}.Debug|Any CPU.ActiveCfg = Debug|Any CPU
		{A9F16ADF-32DF-4B8A-93D3-DE8FB1B0D963}.Debug|Any CPU.Build.0 = Debug|Any CPU
		{A9F16ADF-32DF-4B8A-93D3-DE8FB1B0D963}.Release|Any CPU.ActiveCfg = Release|Any CPU
		{A9F16ADF-32DF-4B8A-93D3-DE8FB1B0D963}.Release|Any CPU.Build.0 = Release|Any CPU
	EndGlobalSection
	GlobalSection(SolutionProperties) = preSolution
		HideSolutionNode = FALSE
	EndGlobalSection
	GlobalSection(ExtensibilityGlobals) = postSolution
		SolutionGuid = {F8D1BE77-913C-400D-BACC-F983900D87AC}
	EndGlobalSection
EndGlobal
